// !$*UTF8*$!
{
	archiveVersion = 1;
	classes = {
	};
	objectVersion = 46;
	objects = {

/* Begin PBXBuildFile section */
		9E418AF21E84FEBE00409C25 /* Quikhand.ttf in Resources */ = {isa = PBXBuildFile; fileRef = 9E418AF11E84FEBE00409C25 /* Quikhand.ttf */; };
		9E418AF61E84FF1B00409C25 /* PolaroidView.swift in Sources */ = {isa = PBXBuildFile; fileRef = 9E418AF41E84FF1B00409C25 /* PolaroidView.swift */; };
		9E418AF71E84FF1B00409C25 /* PolaroidView.xib in Resources */ = {isa = PBXBuildFile; fileRef = 9E418AF51E84FF1B00409C25 /* PolaroidView.xib */; };
		9E4D8E641E856ABA00FDFA2B /* Photos.xcdatamodeld in Sources */ = {isa = PBXBuildFile; fileRef = 9E4D8E621E856ABA00FDFA2B /* Photos.xcdatamodeld */; };
		9E4D8E671E856AD900FDFA2B /* PhotoEntity+CoreDataClass.swift in Sources */ = {isa = PBXBuildFile; fileRef = 9E4D8E651E856AD900FDFA2B /* PhotoEntity+CoreDataClass.swift */; };
		9E4D8E681E856AD900FDFA2B /* PhotoEntity+CoreDataProperties.swift in Sources */ = {isa = PBXBuildFile; fileRef = 9E4D8E661E856AD900FDFA2B /* PhotoEntity+CoreDataProperties.swift */; };
		9E962FA91E81988100922EEE /* ViewController.swift in Sources */ = {isa = PBXBuildFile; fileRef = 9EF24ADC1E7A6830008793AB /* ViewController.swift */; };
		9EF24ADB1E7A6830008793AB /* AppDelegate.swift in Sources */ = {isa = PBXBuildFile; fileRef = 9EF24ADA1E7A6830008793AB /* AppDelegate.swift */; };
		9EF24AE01E7A6830008793AB /* Main.storyboard in Resources */ = {isa = PBXBuildFile; fileRef = 9EF24ADE1E7A6830008793AB /* Main.storyboard */; };
		9EF24AE21E7A6830008793AB /* Assets.xcassets in Resources */ = {isa = PBXBuildFile; fileRef = 9EF24AE11E7A6830008793AB /* Assets.xcassets */; };
		9EF24AE51E7A6830008793AB /* LaunchScreen.storyboard in Resources */ = {isa = PBXBuildFile; fileRef = 9EF24AE31E7A6830008793AB /* LaunchScreen.storyboard */; };
/* End PBXBuildFile section */

/* Begin PBXFileReference section */
		9E418AF11E84FEBE00409C25 /* Quikhand.ttf */ = {isa = PBXFileReference; lastKnownFileType = file; path = Quikhand.ttf; sourceTree = "<group>"; };
		9E418AF41E84FF1B00409C25 /* PolaroidView.swift */ = {isa = PBXFileReference; fileEncoding = 4; lastKnownFileType = sourcecode.swift; path = PolaroidView.swift; sourceTree = "<group>"; };
		9E418AF51E84FF1B00409C25 /* PolaroidView.xib */ = {isa = PBXFileReference; fileEncoding = 4; lastKnownFileType = file.xib; path = PolaroidView.xib; sourceTree = "<group>"; };
		9E4D8E631E856ABA00FDFA2B /* Photos.xcdatamodel */ = {isa = PBXFileReference; lastKnownFileType = wrapper.xcdatamodel; path = Photos.xcdatamodel; sourceTree = "<group>"; };
		9E4D8E651E856AD900FDFA2B /* PhotoEntity+CoreDataClass.swift */ = {isa = PBXFileReference; fileEncoding = 4; lastKnownFileType = sourcecode.swift; path = "PhotoEntity+CoreDataClass.swift"; sourceTree = "<group>"; };
		9E4D8E661E856AD900FDFA2B /* PhotoEntity+CoreDataProperties.swift */ = {isa = PBXFileReference; fileEncoding = 4; lastKnownFileType = sourcecode.swift; path = "PhotoEntity+CoreDataProperties.swift"; sourceTree = "<group>"; };
		9EF24AD71E7A6830008793AB /* PolaroidGallery.app */ = {isa = PBXFileReference; explicitFileType = wrapper.application; includeInIndex = 0; path = PolaroidGallery.app; sourceTree = BUILT_PRODUCTS_DIR; };
		9EF24ADA1E7A6830008793AB /* AppDelegate.swift */ = {isa = PBXFileReference; lastKnownFileType = sourcecode.swift; path = AppDelegate.swift; sourceTree = "<group>"; };
		9EF24ADC1E7A6830008793AB /* ViewController.swift */ = {isa = PBXFileReference; lastKnownFileType = sourcecode.swift; path = ViewController.swift; sourceTree = "<group>"; };
		9EF24ADF1E7A6830008793AB /* Base */ = {isa = PBXFileReference; lastKnownFileType = file.storyboard; name = Base; path = Base.lproj/Main.storyboard; sourceTree = "<group>"; };
		9EF24AE11E7A6830008793AB /* Assets.xcassets */ = {isa = PBXFileReference; lastKnownFileType = folder.assetcatalog; path = Assets.xcassets; sourceTree = "<group>"; };
		9EF24AE41E7A6830008793AB /* Base */ = {isa = PBXFileReference; lastKnownFileType = file.storyboard; name = Base; path = Base.lproj/LaunchScreen.storyboard; sourceTree = "<group>"; };
		9EF24AE61E7A6830008793AB /* Info.plist */ = {isa = PBXFileReference; lastKnownFileType = text.plist.xml; path = Info.plist; sourceTree = "<group>"; };
/* End PBXFileReference section */

/* Begin PBXFrameworksBuildPhase section */
		9EF24AD41E7A6830008793AB /* Frameworks */ = {
			isa = PBXFrameworksBuildPhase;
			buildActionMask = 2147483647;
			files = (
			);
			runOnlyForDeploymentPostprocessing = 0;
		};
/* End PBXFrameworksBuildPhase section */

/* Begin PBXGroup section */
		9E418AF01E84FE8B00409C25 /* Resource */ = {
			isa = PBXGroup;
			children = (
				9E418AF11E84FEBE00409C25 /* Quikhand.ttf */,
			);
			path = Resource;
			sourceTree = "<group>";
		};
		9E418AF31E84FEFB00409C25 /* View */ = {
			isa = PBXGroup;
			children = (
				9E418AF41E84FF1B00409C25 /* PolaroidView.swift */,
				9E418AF51E84FF1B00409C25 /* PolaroidView.xib */,
			);
			path = View;
			sourceTree = "<group>";
		};
		9E418AF81E84FF3600409C25 /* Model */ = {
			isa = PBXGroup;
			children = (
			);
			path = Model;
			sourceTree = "<group>";
		};
		9E4D8E491E85233500FDFA2B /* Core data */ = {
			isa = PBXGroup;
			children = (
				9E4D8E621E856ABA00FDFA2B /* Photos.xcdatamodeld */,
			);
			path = "Core data";
			sourceTree = "<group>";
		};
		9E4D8E4D1E8523A800FDFA2B /* Entities */ = {
			isa = PBXGroup;
			children = (
				9E4D8E651E856AD900FDFA2B /* PhotoEntity+CoreDataClass.swift */,
				9E4D8E661E856AD900FDFA2B /* PhotoEntity+CoreDataProperties.swift */,
			);
			path = Entities;
			sourceTree = "<group>";
		};
		9EF24ACE1E7A6830008793AB = {
			isa = PBXGroup;
			children = (
				9EF24AD91E7A6830008793AB /* PolaroidGallery */,
				9EF24AD81E7A6830008793AB /* Products */,
			);
			sourceTree = "<group>";
		};
		9EF24AD81E7A6830008793AB /* Products */ = {
			isa = PBXGroup;
			children = (
				9EF24AD71E7A6830008793AB /* PolaroidGallery.app */,
			);
			name = Products;
			sourceTree = "<group>";
		};
		9EF24AD91E7A6830008793AB /* PolaroidGallery */ = {
			isa = PBXGroup;
			children = (
				9EF24ADC1E7A6830008793AB /* ViewController.swift */,
				9EF24ADE1E7A6830008793AB /* Main.storyboard */,
				9EF24AE11E7A6830008793AB /* Assets.xcassets */,
				9E4D8E491E85233500FDFA2B /* Core data */,
				9E4D8E4D1E8523A800FDFA2B /* Entities */,
				9E418AF81E84FF3600409C25 /* Model */,
				9E418AF31E84FEFB00409C25 /* View */,
				9E418AF01E84FE8B00409C25 /* Resource */,
				9EF24AE31E7A6830008793AB /* LaunchScreen.storyboard */,
				9EF24ADA1E7A6830008793AB /* AppDelegate.swift */,
				9EF24AE61E7A6830008793AB /* Info.plist */,
			);
			path = PolaroidGallery;
			sourceTree = "<group>";
		};
/* End PBXGroup section */

/* Begin PBXNativeTarget section */
		9EF24AD61E7A6830008793AB /* PolaroidGallery */ = {
			isa = PBXNativeTarget;
			buildConfigurationList = 9EF24AE91E7A6830008793AB /* Build configuration list for PBXNativeTarget "PolaroidGallery" */;
			buildPhases = (
				9EF24AD31E7A6830008793AB /* Sources */,
				9EF24AD41E7A6830008793AB /* Frameworks */,
				9EF24AD51E7A6830008793AB /* Resources */,
			);
			buildRules = (
			);
			dependencies = (
			);
			name = PolaroidGallery;
			productName = PolaroidGallery;
			productReference = 9EF24AD71E7A6830008793AB /* PolaroidGallery.app */;
			productType = "com.apple.product-type.application";
		};
/* End PBXNativeTarget section */

/* Begin PBXProject section */
		9EF24ACF1E7A6830008793AB /* Project object */ = {
			isa = PBXProject;
			attributes = {
				LastSwiftUpdateCheck = 0820;
				LastUpgradeCheck = 0820;
				ORGANIZATIONNAME = mathias;
				TargetAttributes = {
					9EF24AD61E7A6830008793AB = {
						CreatedOnToolsVersion = 8.2.1;
						DevelopmentTeam = 67A7S8H6XT;
						ProvisioningStyle = Automatic;
					};
				};
			};
			buildConfigurationList = 9EF24AD21E7A6830008793AB /* Build configuration list for PBXProject "PolaroidGallery" */;
			compatibilityVersion = "Xcode 3.2";
			developmentRegion = English;
			hasScannedForEncodings = 0;
			knownRegions = (
				en,
				Base,
			);
			mainGroup = 9EF24ACE1E7A6830008793AB;
			productRefGroup = 9EF24AD81E7A6830008793AB /* Products */;
			projectDirPath = "";
			projectRoot = "";
			targets = (
				9EF24AD61E7A6830008793AB /* PolaroidGallery */,
			);
		};
/* End PBXProject section */

/* Begin PBXResourcesBuildPhase section */
		9EF24AD51E7A6830008793AB /* Resources */ = {
			isa = PBXResourcesBuildPhase;
			buildActionMask = 2147483647;
			files = (
				9EF24AE51E7A6830008793AB /* LaunchScreen.storyboard in Resources */,
				9EF24AE21E7A6830008793AB /* Assets.xcassets in Resources */,
				9EF24AE01E7A6830008793AB /* Main.storyboard in Resources */,
				9E418AF71E84FF1B00409C25 /* PolaroidView.xib in Resources */,
				9E418AF21E84FEBE00409C25 /* Quikhand.ttf in Resources */,
			);
			runOnlyForDeploymentPostprocessing = 0;
		};
/* End PBXResourcesBuildPhase section */

/* Begin PBXSourcesBuildPhase section */
		9EF24AD31E7A6830008793AB /* Sources */ = {
			isa = PBXSourcesBuildPhase;
			buildActionMask = 2147483647;
			files = (
				9E962FA91E81988100922EEE /* ViewController.swift in Sources */,
				9E4D8E641E856ABA00FDFA2B /* Photos.xcdatamodeld in Sources */,
				9E418AF61E84FF1B00409C25 /* PolaroidView.swift in Sources */,
				9EF24ADB1E7A6830008793AB /* AppDelegate.swift in Sources */,
				9E4D8E681E856AD900FDFA2B /* PhotoEntity+CoreDataProperties.swift in Sources */,
				9E4D8E671E856AD900FDFA2B /* PhotoEntity+CoreDataClass.swift in Sources */,
			);
			runOnlyForDeploymentPostprocessing = 0;
		};
/* End PBXSourcesBuildPhase section */

/* Begin PBXVariantGroup section */
		9EF24ADE1E7A6830008793AB /* Main.storyboard */ = {
			isa = PBXVariantGroup;
			children = (
				9EF24ADF1E7A6830008793AB /* Base */,
			);
			name = Main.storyboard;
			sourceTree = "<group>";
		};
		9EF24AE31E7A6830008793AB /* LaunchScreen.storyboard */ = {
			isa = PBXVariantGroup;
			children = (
				9EF24AE41E7A6830008793AB /* Base */,
			);
			name = LaunchScreen.storyboard;
			sourceTree = "<group>";
		};
/* End PBXVariantGroup section */

/* Begin XCBuildConfiguration section */
		9EF24AE71E7A6830008793AB /* Debug */ = {
			isa = XCBuildConfiguration;
			buildSettings = {
				ALWAYS_SEARCH_USER_PATHS = NO;
				CLANG_ANALYZER_NONNULL = YES;
				CLANG_CXX_LANGUAGE_STANDARD = "gnu++0x";
				CLANG_CXX_LIBRARY = "libc++";
				CLANG_ENABLE_MODULES = YES;
				CLANG_ENABLE_OBJC_ARC = YES;
				CLANG_WARN_BOOL_CONVERSION = YES;
				CLANG_WARN_CONSTANT_CONVERSION = YES;
				CLANG_WARN_DIRECT_OBJC_ISA_USAGE = YES_ERROR;
				CLANG_WARN_DOCUMENTATION_COMMENTS = YES;
				CLANG_WARN_EMPTY_BODY = YES;
				CLANG_WARN_ENUM_CONVERSION = YES;
				CLANG_WARN_INFINITE_RECURSION = YES;
				CLANG_WARN_INT_CONVERSION = YES;
				CLANG_WARN_OBJC_ROOT_CLASS = YES_ERROR;
				CLANG_WARN_SUSPICIOUS_MOVE = YES;
				CLANG_WARN_UNREACHABLE_CODE = YES;
				CLANG_WARN__DUPLICATE_METHOD_MATCH = YES;
				"CODE_SIGN_IDENTITY[sdk=iphoneos*]" = "iPhone Developer";
				COPY_PHASE_STRIP = NO;
				DEBUG_INFORMATION_FORMAT = dwarf;
				ENABLE_STRICT_OBJC_MSGSEND = YES;
				ENABLE_TESTABILITY = YES;
				GCC_C_LANGUAGE_STANDARD = gnu99;
				GCC_DYNAMIC_NO_PIC = NO;
				GCC_NO_COMMON_BLOCKS = YES;
				GCC_OPTIMIZATION_LEVEL = 0;
				GCC_PREPROCESSOR_DEFINITIONS = (
					"DEBUG=1",
					"$(inherited)",
				);
				GCC_WARN_64_TO_32_BIT_CONVERSION = YES;
				GCC_WARN_ABOUT_RETURN_TYPE = YES_ERROR;
				GCC_WARN_UNDECLARED_SELECTOR = YES;
				GCC_WARN_UNINITIALIZED_AUTOS = YES_AGGRESSIVE;
				GCC_WARN_UNUSED_FUNCTION = YES;
				GCC_WARN_UNUSED_VARIABLE = YES;
				IPHONEOS_DEPLOYMENT_TARGET = 10.2;
				MTL_ENABLE_DEBUG_INFO = YES;
				ONLY_ACTIVE_ARCH = YES;
				SDKROOT = iphoneos;
				SWIFT_ACTIVE_COMPILATION_CONDITIONS = DEBUG;
				SWIFT_OPTIMIZATION_LEVEL = "-Onone";
				TARGETED_DEVICE_FAMILY = "1,2";
			};
			name = Debug;
		};
		9EF24AE81E7A6830008793AB /* Release */ = {
			isa = XCBuildConfiguration;
			buildSettings = {
				ALWAYS_SEARCH_USER_PATHS = NO;
				CLANG_ANALYZER_NONNULL = YES;
				CLANG_CXX_LANGUAGE_STANDARD = "gnu++0x";
				CLANG_CXX_LIBRARY = "libc++";
				CLANG_ENABLE_MODULES = YES;
				CLANG_ENABLE_OBJC_ARC = YES;
				CLANG_WARN_BOOL_CONVERSION = YES;
				CLANG_WARN_CONSTANT_CONVERSION = YES;
				CLANG_WARN_DIRECT_OBJC_ISA_USAGE = YES_ERROR;
				CLANG_WARN_DOCUMENTATION_COMMENTS = YES;
				CLANG_WARN_EMPTY_BODY = YES;
				CLANG_WARN_ENUM_CONVERSION = YES;
				CLANG_WARN_INFINITE_RECURSION = YES;
				CLANG_WARN_INT_CONVERSION = YES;
				CLANG_WARN_OBJC_ROOT_CLASS = YES_ERROR;
				CLANG_WARN_SUSPICIOUS_MOVE = YES;
				CLANG_WARN_UNREACHABLE_CODE = YES;
				CLANG_WARN__DUPLICATE_METHOD_MATCH = YES;
				"CODE_SIGN_IDENTITY[sdk=iphoneos*]" = "iPhone Developer";
				COPY_PHASE_STRIP = NO;
				DEBUG_INFORMATION_FORMAT = "dwarf-with-dsym";
				ENABLE_NS_ASSERTIONS = NO;
				ENABLE_STRICT_OBJC_MSGSEND = YES;
				GCC_C_LANGUAGE_STANDARD = gnu99;
				GCC_NO_COMMON_BLOCKS = YES;
				GCC_WARN_64_TO_32_BIT_CONVERSION = YES;
				GCC_WARN_ABOUT_RETURN_TYPE = YES_ERROR;
				GCC_WARN_UNDECLARED_SELECTOR = YES;
				GCC_WARN_UNINITIALIZED_AUTOS = YES_AGGRESSIVE;
				GCC_WARN_UNUSED_FUNCTION = YES;
				GCC_WARN_UNUSED_VARIABLE = YES;
				IPHONEOS_DEPLOYMENT_TARGET = 10.2;
				MTL_ENABLE_DEBUG_INFO = NO;
				SDKROOT = iphoneos;
				SWIFT_OPTIMIZATION_LEVEL = "-Owholemodule";
				TARGETED_DEVICE_FAMILY = "1,2";
				VALIDATE_PRODUCT = YES;
			};
			name = Release;
		};
		9EF24AEA1E7A6830008793AB /* Debug */ = {
			isa = XCBuildConfiguration;
			buildSettings = {
				ASSETCATALOG_COMPILER_APPICON_NAME = AppIcon;
				DEVELOPMENT_TEAM = 67A7S8H6XT;
				INFOPLIST_FILE = PolaroidGallery/Info.plist;
				IPHONEOS_DEPLOYMENT_TARGET = 10.0;
				LD_RUNPATH_SEARCH_PATHS = "$(inherited) @executable_path/Frameworks";
				PRODUCT_BUNDLE_IDENTIFIER = "acme-hacking.PolaroidGallery";
				PRODUCT_NAME = "$(TARGET_NAME)";
				SWIFT_VERSION = 3.0;
				TARGETED_DEVICE_FAMILY = 1;
			};
			name = Debug;
		};
		9EF24AEB1E7A6830008793AB /* Release */ = {
			isa = XCBuildConfiguration;
			buildSettings = {
				ASSETCATALOG_COMPILER_APPICON_NAME = AppIcon;
				DEVELOPMENT_TEAM = 67A7S8H6XT;
				INFOPLIST_FILE = PolaroidGallery/Info.plist;
				IPHONEOS_DEPLOYMENT_TARGET = 10.0;
				LD_RUNPATH_SEARCH_PATHS = "$(inherited) @executable_path/Frameworks";
				PRODUCT_BUNDLE_IDENTIFIER = "acme-hacking.PolaroidGallery";
				PRODUCT_NAME = "$(TARGET_NAME)";
				SWIFT_VERSION = 3.0;
				TARGETED_DEVICE_FAMILY = 1;
			};
			name = Release;
		};
/* End XCBuildConfiguration section */

/* Begin XCConfigurationList section */
		9EF24AD21E7A6830008793AB /* Build configuration list for PBXProject "PolaroidGallery" */ = {
			isa = XCConfigurationList;
			buildConfigurations = (
				9EF24AE71E7A6830008793AB /* Debug */,
				9EF24AE81E7A6830008793AB /* Release */,
			);
			defaultConfigurationIsVisible = 0;
			defaultConfigurationName = Release;
		};
		9EF24AE91E7A6830008793AB /* Build configuration list for PBXNativeTarget "PolaroidGallery" */ = {
			isa = XCConfigurationList;
			buildConfigurations = (
				9EF24AEA1E7A6830008793AB /* Debug */,
				9EF24AEB1E7A6830008793AB /* Release */,
			);
			defaultConfigurationIsVisible = 0;
			defaultConfigurationName = Release;
		};
/* End XCConfigurationList section */

/* Begin XCVersionGroup section */
		9E4D8E621E856ABA00FDFA2B /* Photos.xcdatamodeld */ = {
			isa = XCVersionGroup;
			children = (
				9E4D8E631E856ABA00FDFA2B /* Photos.xcdatamodel */,
			);
			currentVersion = 9E4D8E631E856ABA00FDFA2B /* Photos.xcdatamodel */;
			path = Photos.xcdatamodeld;
			sourceTree = "<group>";
			versionGroupType = wrapper.xcdatamodel;
		};
/* End XCVersionGroup section */
	};
	rootObject = 9EF24ACF1E7A6830008793AB /* Project object */;
}
